// !$*UTF8*$!
{
	archiveVersion = 1;
	classes = {
	};
	objectVersion = 46;
	objects = {

/* Begin PBXBuildFile section */
		9E54DFF51D57034D00F7369C /* LLFilterVC.m in Sources */ = {isa = PBXBuildFile; fileRef = 9E54DFF41D57034D00F7369C /* LLFilterVC.m */; };
		9EA9A9711D56E4BF002A2418 /* main.m in Sources */ = {isa = PBXBuildFile; fileRef = 9EA9A9701D56E4BF002A2418 /* main.m */; };
		9EA9A9741D56E4BF002A2418 /* AppDelegate.m in Sources */ = {isa = PBXBuildFile; fileRef = 9EA9A9731D56E4BF002A2418 /* AppDelegate.m */; };
		9EA9A9771D56E4BF002A2418 /* ViewController.m in Sources */ = {isa = PBXBuildFile; fileRef = 9EA9A9761D56E4BF002A2418 /* ViewController.m */; };
		9EA9A97A1D56E4BF002A2418 /* Main.storyboard in Resources */ = {isa = PBXBuildFile; fileRef = 9EA9A9781D56E4BF002A2418 /* Main.storyboard */; };
		9EA9A97C1D56E4BF002A2418 /* Assets.xcassets in Resources */ = {isa = PBXBuildFile; fileRef = 9EA9A97B1D56E4BF002A2418 /* Assets.xcassets */; };
		9EA9A97F1D56E4BF002A2418 /* LaunchScreen.storyboard in Resources */ = {isa = PBXBuildFile; fileRef = 9EA9A97D1D56E4BF002A2418 /* LaunchScreen.storyboard */; };
		9EA9A9881D56E4E4002A2418 /* LLURLProtocol.m in Sources */ = {isa = PBXBuildFile; fileRef = 9EA9A9871D56E4E4002A2418 /* LLURLProtocol.m */; };
/* End PBXBuildFile section */

/* Begin PBXFileReference section */
		9E54DFF31D57034D00F7369C /* LLFilterVC.h */ = {isa = PBXFileReference; fileEncoding = 4; lastKnownFileType = sourcecode.c.h; path = LLFilterVC.h; sourceTree = "<group>"; };
		9E54DFF41D57034D00F7369C /* LLFilterVC.m */ = {isa = PBXFileReference; fileEncoding = 4; lastKnownFileType = sourcecode.c.objc; path = LLFilterVC.m; sourceTree = "<group>"; };
		9EA9A96C1D56E4BF002A2418 /* LLURLProtocolDemo.app */ = {isa = PBXFileReference; explicitFileType = wrapper.application; includeInIndex = 0; path = LLURLProtocolDemo.app; sourceTree = BUILT_PRODUCTS_DIR; };
		9EA9A9701D56E4BF002A2418 /* main.m */ = {isa = PBXFileReference; lastKnownFileType = sourcecode.c.objc; path = main.m; sourceTree = "<group>"; };
		9EA9A9721D56E4BF002A2418 /* AppDelegate.h */ = {isa = PBXFileReference; lastKnownFileType = sourcecode.c.h; path = AppDelegate.h; sourceTree = "<group>"; };
		9EA9A9731D56E4BF002A2418 /* AppDelegate.m */ = {isa = PBXFileReference; lastKnownFileType = sourcecode.c.objc; path = AppDelegate.m; sourceTree = "<group>"; };
		9EA9A9751D56E4BF002A2418 /* ViewController.h */ = {isa = PBXFileReference; lastKnownFileType = sourcecode.c.h; path = ViewController.h; sourceTree = "<group>"; };
		9EA9A9761D56E4BF002A2418 /* ViewController.m */ = {isa = PBXFileReference; lastKnownFileType = sourcecode.c.objc; path = ViewController.m; sourceTree = "<group>"; };
		9EA9A9791D56E4BF002A2418 /* Base */ = {isa = PBXFileReference; lastKnownFileType = file.storyboard; name = Base; path = Base.lproj/Main.storyboard; sourceTree = "<group>"; };
		9EA9A97B1D56E4BF002A2418 /* Assets.xcassets */ = {isa = PBXFileReference; lastKnownFileType = folder.assetcatalog; path = Assets.xcassets; sourceTree = "<group>"; };
		9EA9A97E1D56E4BF002A2418 /* Base */ = {isa = PBXFileReference; lastKnownFileType = file.storyboard; name = Base; path = Base.lproj/LaunchScreen.storyboard; sourceTree = "<group>"; };
		9EA9A9801D56E4BF002A2418 /* Info.plist */ = {isa = PBXFileReference; lastKnownFileType = text.plist.xml; path = Info.plist; sourceTree = "<group>"; };
		9EA9A9861D56E4E4002A2418 /* LLURLProtocol.h */ = {isa = PBXFileReference; fileEncoding = 4; lastKnownFileType = sourcecode.c.h; path = LLURLProtocol.h; sourceTree = "<group>"; };
		9EA9A9871D56E4E4002A2418 /* LLURLProtocol.m */ = {isa = PBXFileReference; fileEncoding = 4; lastKnownFileType = sourcecode.c.objc; path = LLURLProtocol.m; sourceTree = "<group>"; };
/* End PBXFileReference section */

/* Begin PBXFrameworksBuildPhase section */
		9EA9A9691D56E4BF002A2418 /* Frameworks */ = {
			isa = PBXFrameworksBuildPhase;
			buildActionMask = 2147483647;
			files = (
			);
			runOnlyForDeploymentPostprocessing = 0;
		};
/* End PBXFrameworksBuildPhase section */

/* Begin PBXGroup section */
		9EA9A9631D56E4BF002A2418 = {
			isa = PBXGroup;
			children = (
				9EA9A96E1D56E4BF002A2418 /* LLURLProtocolDemo */,
				9EA9A96D1D56E4BF002A2418 /* Products */,
			);
			sourceTree = "<group>";
		};
		9EA9A96D1D56E4BF002A2418 /* Products */ = {
			isa = PBXGroup;
			children = (
				9EA9A96C1D56E4BF002A2418 /* LLURLProtocolDemo.app */,
			);
			name = Products;
			sourceTree = "<group>";
		};
		9EA9A96E1D56E4BF002A2418 /* LLURLProtocolDemo */ = {
			isa = PBXGroup;
			children = (
				9EA9A9721D56E4BF002A2418 /* AppDelegate.h */,
				9EA9A9731D56E4BF002A2418 /* AppDelegate.m */,
				9EA9A9861D56E4E4002A2418 /* LLURLProtocol.h */,
				9EA9A9871D56E4E4002A2418 /* LLURLProtocol.m */,
				9EA9A9751D56E4BF002A2418 /* ViewController.h */,
				9EA9A9761D56E4BF002A2418 /* ViewController.m */,
				9E54DFF31D57034D00F7369C /* LLFilterVC.h */,
				9E54DFF41D57034D00F7369C /* LLFilterVC.m */,
				9EA9A9781D56E4BF002A2418 /* Main.storyboard */,
				9EA9A97B1D56E4BF002A2418 /* Assets.xcassets */,
				9EA9A97D1D56E4BF002A2418 /* LaunchScreen.storyboard */,
				9EA9A9801D56E4BF002A2418 /* Info.plist */,
				9EA9A96F1D56E4BF002A2418 /* Supporting Files */,
			);
			path = LLURLProtocolDemo;
			sourceTree = "<group>";
		};
		9EA9A96F1D56E4BF002A2418 /* Supporting Files */ = {
			isa = PBXGroup;
			children = (
				9EA9A9701D56E4BF002A2418 /* main.m */,
			);
			name = "Supporting Files";
			sourceTree = "<group>";
		};
/* End PBXGroup section */

/* Begin PBXNativeTarget section */
		9EA9A96B1D56E4BF002A2418 /* LLURLProtocolDemo */ = {
			isa = PBXNativeTarget;
			buildConfigurationList = 9EA9A9831D56E4BF002A2418 /* Build configuration list for PBXNativeTarget "LLURLProtocolDemo" */;
			buildPhases = (
				9EA9A9681D56E4BF002A2418 /* Sources */,
				9EA9A9691D56E4BF002A2418 /* Frameworks */,
				9EA9A96A1D56E4BF002A2418 /* Resources */,
			);
			buildRules = (
			);
			dependencies = (
			);
			name = LLURLProtocolDemo;
			productName = LLURLProtocolDemo;
			productReference = 9EA9A96C1D56E4BF002A2418 /* LLURLProtocolDemo.app */;
			productType = "com.apple.product-type.application";
		};
/* End PBXNativeTarget section */

/* Begin PBXProject section */
		9EA9A9641D56E4BF002A2418 /* Project object */ = {
			isa = PBXProject;
			attributes = {
				LastUpgradeCheck = 0730;
				ORGANIZATIONNAME = LL;
				TargetAttributes = {
					9EA9A96B1D56E4BF002A2418 = {
						CreatedOnToolsVersion = 7.3.1;
					};
				};
			};
			buildConfigurationList = 9EA9A9671D56E4BF002A2418 /* Build configuration list for PBXProject "LLURLProtocolDemo" */;
			compatibilityVersion = "Xcode 3.2";
			developmentRegion = English;
			hasScannedForEncodings = 0;
			knownRegions = (
				en,
				Base,
			);
			mainGroup = 9EA9A9631D56E4BF002A2418;
			productRefGroup = 9EA9A96D1D56E4BF002A2418 /* Products */;
			projectDirPath = "";
			projectRoot = "";
			targets = (
				9EA9A96B1D56E4BF002A2418 /* LLURLProtocolDemo */,
			);
		};
/* End PBXProject section */

/* Begin PBXResourcesBuildPhase section */
		9EA9A96A1D56E4BF002A2418 /* Resources */ = {
			isa = PBXResourcesBuildPhase;
			buildActionMask = 2147483647;
			files = (
				9EA9A97F1D56E4BF002A2418 /* LaunchScreen.storyboard in Resources */,
				9EA9A97C1D56E4BF002A2418 /* Assets.xcassets in Resources */,
				9EA9A97A1D56E4BF002A2418 /* Main.storyboard in Resources */,
			);
			runOnlyForDeploymentPostprocessing = 0;
		};
/* End PBXResourcesBuildPhase section */

/* Begin PBXSourcesBuildPhase section */
		9EA9A9681D56E4BF002A2418 /* Sources */ = {
			isa = PBXSourcesBuildPhase;
			buildActionMask = 2147483647;
			files = (
				9EA9A9771D56E4BF002A2418 /* ViewController.m in Sources */,
				9E54DFF51D57034D00F7369C /* LLFilterVC.m in Sources */,
				9EA9A9741D56E4BF002A2418 /* AppDelegate.m in Sources */,
				9EA9A9711D56E4BF002A2418 /* main.m in Sources */,
				9EA9A9881D56E4E4002A2418 /* LLURLProtocol.m in Sources */,
			);
			runOnlyForDeploymentPostprocessing = 0;
		};
/* End PBXSourcesBuildPhase section */

/* Begin PBXVariantGroup section */
		9EA9A9781D56E4BF002A2418 /* Main.storyboard */ = {
			isa = PBXVariantGroup;
			children = (
				9EA9A9791D56E4BF002A2418 /* Base */,
			);
			name = Main.storyboard;
			sourceTree = "<group>";
		};
		9EA9A97D1D56E4BF002A2418 /* LaunchScreen.storyboard */ = {
			isa = PBXVariantGroup;
			children = (
				9EA9A97E1D56E4BF002A2418 /* Base */,
			);
			name = LaunchScreen.storyboard;
			sourceTree = "<group>";
		};
/* End PBXVariantGroup section */

/* Begin XCBuildConfiguration section */
		9EA9A9811D56E4BF002A2418 /* Debug */ = {
			isa = XCBuildConfiguration;
			buildSettings = {
				ALWAYS_SEARCH_USER_PATHS = NO;
				CLANG_ANALYZER_NONNULL = YES;
				CLANG_CXX_LANGUAGE_STANDARD = "gnu++0x";
				CLANG_CXX_LIBRARY = "libc++";
				CLANG_ENABLE_MODULES = YES;
				CLANG_ENABLE_OBJC_ARC = YES;
				CLANG_WARN_BOOL_CONVERSION = YES;
				CLANG_WARN_CONSTANT_CONVERSION = YES;
				CLANG_WARN_DIRECT_OBJC_ISA_USAGE = YES_ERROR;
				CLANG_WARN_EMPTY_BODY = YES;
				CLANG_WARN_ENUM_CONVERSION = YES;
				CLANG_WARN_INT_CONVERSION = YES;
				CLANG_WARN_OBJC_ROOT_CLASS = YES_ERROR;
				CLANG_WARN_UNREACHABLE_CODE = YES;
				CLANG_WARN__DUPLICATE_METHOD_MATCH = YES;
				"CODE_SIGN_IDENTITY[sdk=iphoneos*]" = "iPhone Developer";
				COPY_PHASE_STRIP = NO;
				DEBUG_INFORMATION_FORMAT = dwarf;
				ENABLE_STRICT_OBJC_MSGSEND = YES;
				ENABLE_TESTABILITY = YES;
				GCC_C_LANGUAGE_STANDARD = gnu99;
				GCC_DYNAMIC_NO_PIC = NO;
				GCC_NO_COMMON_BLOCKS = YES;
				GCC_OPTIMIZATION_LEVEL = 0;
				GCC_PREPROCESSOR_DEFINITIONS = (
					"DEBUG=1",
					"$(inherited)",
				);
				GCC_WARN_64_TO_32_BIT_CONVERSION = YES;
				GCC_WARN_ABOUT_RETURN_TYPE = YES_ERROR;
				GCC_WARN_UNDECLARED_SELECTOR = YES;
				GCC_WARN_UNINITIALIZED_AUTOS = YES_AGGRESSIVE;
				GCC_WARN_UNUSED_FUNCTION = YES;
				GCC_WARN_UNUSED_VARIABLE = YES;
				IPHONEOS_DEPLOYMENT_TARGET = 9.3;
				MTL_ENABLE_DEBUG_INFO = YES;
				ONLY_ACTIVE_ARCH = YES;
				SDKROOT = iphoneos;
				TARGETED_DEVICE_FAMILY = "1,2";
			};
			name = Debug;
		};
		9EA9A9821D56E4BF002A2418 /* Release */ = {
			isa = XCBuildConfiguration;
			buildSettings = {
				ALWAYS_SEARCH_USER_PATHS = NO;
				CLANG_ANALYZER_NONNULL = YES;
				CLANG_CXX_LANGUAGE_STANDARD = "gnu++0x";
				CLANG_CXX_LIBRARY = "libc++";
				CLANG_ENABLE_MODULES = YES;
				CLANG_ENABLE_OBJC_ARC = YES;
				CLANG_WARN_BOOL_CONVERSION = YES;
				CLANG_WARN_CONSTANT_CONVERSION = YES;
				CLANG_WARN_DIRECT_OBJC_ISA_USAGE = YES_ERROR;
				CLANG_WARN_EMPTY_BODY = YES;
				CLANG_WARN_ENUM_CONVERSION = YES;
				CLANG_WARN_INT_CONVERSION = YES;
				CLANG_WARN_OBJC_ROOT_CLASS = YES_ERROR;
				CLANG_WARN_UNREACHABLE_CODE = YES;
				CLANG_WARN__DUPLICATE_METHOD_MATCH = YES;
				"CODE_SIGN_IDENTITY[sdk=iphoneos*]" = "iPhone Developer";
				COPY_PHASE_STRIP = NO;
				DEBUG_INFORMATION_FORMAT = "dwarf-with-dsym";
				ENABLE_NS_ASSERTIONS = NO;
				ENABLE_STRICT_OBJC_MSGSEND = YES;
				GCC_C_LANGUAGE_STANDARD = gnu99;
				GCC_NO_COMMON_BLOCKS = YES;
				GCC_WARN_64_TO_32_BIT_CONVERSION = YES;
				GCC_WARN_ABOUT_RETURN_TYPE = YES_ERROR;
				GCC_WARN_UNDECLARED_SELECTOR = YES;
				GCC_WARN_UNINITIALIZED_AUTOS = YES_AGGRESSIVE;
				GCC_WARN_UNUSED_FUNCTION = YES;
				GCC_WARN_UNUSED_VARIABLE = YES;
				IPHONEOS_DEPLOYMENT_TARGET = 9.3;
				MTL_ENABLE_DEBUG_INFO = NO;
				SDKROOT = iphoneos;
				TARGETED_DEVICE_FAMILY = "1,2";
				VALIDATE_PRODUCT = YES;
			};
			name = Release;
		};
		9EA9A9841D56E4BF002A2418 /* Debug */ = {
			isa = XCBuildConfiguration;
			buildSettings = {
				ASSETCATALOG_COMPILER_APPICON_NAME = AppIcon;
				INFOPLIST_FILE = LLURLProtocolDemo/Info.plist;
				IPHONEOS_DEPLOYMENT_TARGET = 7.0;
				LD_RUNPATH_SEARCH_PATHS = "$(inherited) @executable_path/Frameworks";
				PRODUCT_BUNDLE_IDENTIFIER = com.msb.LLURLProtocolDemo;
				PRODUCT_NAME = "$(TARGET_NAME)";
			};
			name = Debug;
		};
		9EA9A9851D56E4BF002A2418 /* Release */ = {
			isa = XCBuildConfiguration;
			buildSettings = {
				ASSETCATALOG_COMPILER_APPICON_NAME = AppIcon;
				INFOPLIST_FILE = LLURLProtocolDemo/Info.plist;
				IPHONEOS_DEPLOYMENT_TARGET = 7.0;
				LD_RUNPATH_SEARCH_PATHS = "$(inherited) @executable_path/Frameworks";
				PRODUCT_BUNDLE_IDENTIFIER = com.msb.LLURLProtocolDemo;
				PRODUCT_NAME = "$(TARGET_NAME)";
			};
			name = Release;
		};
/* End XCBuildConfiguration section */

/* Begin XCConfigurationList section */
		9EA9A9671D56E4BF002A2418 /* Build configuration list for PBXProject "LLURLProtocolDemo" */ = {
			isa = XCConfigurationList;
			buildConfigurations = (
				9EA9A9811D56E4BF002A2418 /* Debug */,
				9EA9A9821D56E4BF002A2418 /* Release */,
			);
			defaultConfigurationIsVisible = 0;
			defaultConfigurationName = Release;
		};
		9EA9A9831D56E4BF002A2418 /* Build configuration list for PBXNativeTarget "LLURLProtocolDemo" */ = {
			isa = XCConfigurationList;
			buildConfigurations = (
				9EA9A9841D56E4BF002A2418 /* Debug */,
				9EA9A9851D56E4BF002A2418 /* Release */,
			);
			defaultConfigurationIsVisible = 0;
			defaultConfigurationName = Release;
		};
/* End XCConfigurationList section */
	};
	rootObject = 9EA9A9641D56E4BF002A2418 /* Project object */;
}
